
Microsoft Visual Studio Solution File, Format Version 12.00
# Visual Studio 15
VisualStudioVersion = 15.0.26124.0
MinimumVisualStudioVersion = 15.0.26124.0
Project("{FAE04EC0-301F-11D3-BF4B-00C04F79EFBC}") = "API", "API\API.csproj", "{E3A85AC9-301C-4300-B2E7-911739A83567}"
EndProject
Project("{FAE04EC0-301F-11D3-BF4B-00C04F79EFBC}") = "Core", "Core\Core.csproj", "{8B625465-BD1B-47EB-B30A-9DF31C159C26}"
EndProject
Project("{FAE04EC0-301F-11D3-BF4B-00C04F79EFBC}") = "Infrastructure", "Infrastructure\Infrastructure.csproj", "{CF89D5A9-0E25-44D9-967F-0430581D74FB}"
EndProject
Global
	GlobalSection(SolutionConfigurationPlatforms) = preSolution
		Debug|Any CPU = Debug|Any CPU
		Debug|x64 = Debug|x64
		Debug|x86 = Debug|x86
		Release|Any CPU = Release|Any CPU
		Release|x64 = Release|x64
		Release|x86 = Release|x86
	EndGlobalSection
	GlobalSection(SolutionProperties) = preSolution
		HideSolutionNode = FALSE
	EndGlobalSection
	GlobalSection(ProjectConfigurationPlatforms) = postSolution
		{E3A85AC9-301C-4300-B2E7-911739A83567}.Debug|Any CPU.ActiveCfg = Debug|Any CPU
		{E3A85AC9-301C-4300-B2E7-911739A83567}.Debug|Any CPU.Build.0 = Debug|Any CPU
		{E3A85AC9-301C-4300-B2E7-911739A83567}.Debug|x64.ActiveCfg = Debug|Any CPU
		{E3A85AC9-301C-4300-B2E7-911739A83567}.Debug|x64.Build.0 = Debug|Any CPU
		{E3A85AC9-301C-4300-B2E7-911739A83567}.Debug|x86.ActiveCfg = Debug|Any CPU
		{E3A85AC9-301C-4300-B2E7-911739A83567}.Debug|x86.Build.0 = Debug|Any CPU
		{E3A85AC9-301C-4300-B2E7-911739A83567}.Release|Any CPU.ActiveCfg = Release|Any CPU
		{E3A85AC9-301C-4300-B2E7-911739A83567}.Release|Any CPU.Build.0 = Release|Any CPU
		{E3A85AC9-301C-4300-B2E7-911739A83567}.Release|x64.ActiveCfg = Release|Any CPU
		{E3A85AC9-301C-4300-B2E7-911739A83567}.Release|x64.Build.0 = Release|Any CPU
		{E3A85AC9-301C-4300-B2E7-911739A83567}.Release|x86.ActiveCfg = Release|Any CPU
		{E3A85AC9-301C-4300-B2E7-911739A83567}.Release|x86.Build.0 = Release|Any CPU
		{8B625465-BD1B-47EB-B30A-9DF31C159C26}.Debug|Any CPU.ActiveCfg = Debug|Any CPU
		{8B625465-BD1B-47EB-B30A-9DF31C159C26}.Debug|Any CPU.Build.0 = Debug|Any CPU
		{8B625465-BD1B-47EB-B30A-9DF31C159C26}.Debug|x64.ActiveCfg = Debug|Any CPU
		{8B625465-BD1B-47EB-B30A-9DF31C159C26}.Debug|x64.Build.0 = Debug|Any CPU
		{8B625465-BD1B-47EB-B30A-9DF31C159C26}.Debug|x86.ActiveCfg = Debug|Any CPU
		{8B625465-BD1B-47EB-B30A-9DF31C159C26}.Debug|x86.Build.0 = Debug|Any CPU
		{8B625465-BD1B-47EB-B30A-9DF31C159C26}.Release|Any CPU.ActiveCfg = Release|Any CPU
		{8B625465-BD1B-47EB-B30A-9DF31C159C26}.Release|Any CPU.Build.0 = Release|Any CPU
		{8B625465-BD1B-47EB-B30A-9DF31C159C26}.Release|x64.ActiveCfg = Release|Any CPU
		{8B625465-BD1B-47EB-B30A-9DF31C159C26}.Release|x64.Build.0 = Release|Any CPU
		{8B625465-BD1B-47EB-B30A-9DF31C159C26}.Release|x86.ActiveCfg = Release|Any CPU
		{8B625465-BD1B-47EB-B30A-9DF31C159C26}.Release|x86.Build.0 = Release|Any CPU
		{CF89D5A9-0E25-44D9-967F-0430581D74FB}.Debug|Any CPU.ActiveCfg = Debug|Any CPU
		{CF89D5A9-0E25-44D9-967F-0430581D74FB}.Debug|Any CPU.Build.0 = Debug|Any CPU
		{CF89D5A9-0E25-44D9-967F-0430581D74FB}.Debug|x64.ActiveCfg = Debug|Any CPU
		{CF89D5A9-0E25-44D9-967F-0430581D74FB}.Debug|x64.Build.0 = Debug|Any CPU
		{CF89D5A9-0E25-44D9-967F-0430581D74FB}.Debug|x86.ActiveCfg = Debug|Any CPU
		{CF89D5A9-0E25-44D9-967F-0430581D74FB}.Debug|x86.Build.0 = Debug|Any CPU
		{CF89D5A9-0E25-44D9-967F-0430581D74FB}.Release|Any CPU.ActiveCfg = Release|Any CPU
		{CF89D5A9-0E25-44D9-967F-0430581D74FB}.Release|Any CPU.Build.0 = Release|Any CPU
		{CF89D5A9-0E25-44D9-967F-0430581D74FB}.Release|x64.ActiveCfg = Release|Any CPU
		{CF89D5A9-0E25-44D9-967F-0430581D74FB}.Release|x64.Build.0 = Release|Any CPU
		{CF89D5A9-0E25-44D9-967F-0430581D74FB}.Release|x86.ActiveCfg = Release|Any CPU
		{CF89D5A9-0E25-44D9-967F-0430581D74FB}.Release|x86.Build.0 = Release|Any CPU
	EndGlobalSection
EndGlobal
